# This file is autogenerated, do not edit; changes may be undone by the next 'dep ensure'.


[[projects]]
  branch = "v1"
  digest = "1:6590a87179497c76c56a6dfac7e44163e3b0bb12cb3b34f89d80ace878a13c97"
  name = "github.com/emersion/go-imap"
  packages = [
    ".",
    "client",
    "commands",
    "responses",
    "utf7",
  ]
  pruneopts = "UT"
  revision = "f966f79e8fc5c2bb857046406726ea9835fedc87"

[[projects]]
  digest = "1:3d8cb5b27f4c85abc66252739f7425637600434b0f9f95a5d5c528b0f725ae84"
  name = "github.com/emersion/go-message"
  packages = [
    ".",
    "charset",
    "mail",
  ]
  pruneopts = "UT"
  revision = "f7e2be8074d097a816a1f5bd9d502adc46275d4a"
  version = "v0.9.1"

[[projects]]
  branch = "master"
  digest = "1:7cc7f47cf4e6f9be30f0e38934f6470cf4c35c9479350bc5e764d3e428018e2e"
  name = "github.com/emersion/go-sasl"
  packages = ["."]
  pruneopts = "UT"
  revision = "7e096a0a6197b89989e8cc31016daa67c8c62051"

[[projects]]
  branch = "master"
  digest = "1:47fffd6812689e229e8072737578af99cad0b17707cc07c36344c63bb6b797f1"
  name = "github.com/emersion/go-textwrapper"
  packages = ["."]
  pruneopts = "UT"
  revision = "d0e65e56babe3f687ff94c1d764ca0e6aa7723ee"

[[projects]]
  branch = "master"
  digest = "1:54d414482fb70eaccdd6e6fca023986b16ab3004e5b499b6bc3667d89574fc07"
  name = "github.com/getlantern/context"
  packages = ["."]
  pruneopts = "UT"
  revision = "624d99b1798d7c5375ea1d3ca4c5b04d58f7c775"

[[projects]]
  branch = "master"
  digest = "1:56460acc7affba18fa344130886a6f841988d1368a051759d2e0c03ef6255f54"
  name = "github.com/getlantern/errors"
  packages = ["."]
  pruneopts = "UT"
  revision = "e24b7f4ff7c70be59bbefca6b7695d68cda8b399"

[[projects]]
  branch = "master"
  digest = "1:128515bf48085482f3b1269701a0be1b119087447d8f666a27211bdacf0b5dc9"
  name = "github.com/getlantern/golog"
  packages = ["."]
  pruneopts = "UT"
  revision = "cca714f7feb5df8e455f409b549d384441ac4578"

[[projects]]
  branch = "master"
  digest = "1:f12c7103ba4c446c6822f331ada3e5f0c3626be111a115e92700cd2724bca9ed"
  name = "github.com/getlantern/hex"
  packages = ["."]
  pruneopts = "UT"
  revision = "083fba3033ad473db3dd31c9bb368473d37581a7"

[[projects]]
  branch = "master"
  digest = "1:916634881c70eb3c2201419786896254d601a786a9124e662a079d4649df160d"
  name = "github.com/getlantern/hidden"
  packages = ["."]
  pruneopts = "UT"
  revision = "d52a649ab33af200943bb599898dbdcfdbc94cb7"

[[projects]]
  branch = "master"
  digest = "1:f84e2692edf40301ae0ce718695cde032f5c6964e4fad812749eb1eaefa95785"
  name = "github.com/getlantern/ops"
  packages = ["."]
  pruneopts = "UT"
  revision = "37353306c90844c8e0591956f56611f46299d202"

[[projects]]
  branch = "master"
  digest = "1:6a5bead5d6b5b244a7e9120bb08c92c6e9a1b7a631df3663010c674eb96546cd"
  name = "github.com/getlantern/systray"
  packages = ["."]
  pruneopts = "UT"
  revision = "3fd1443dac5c8297999189fe28d5836b2b075b66"

[[projects]]
  digest = "1:586ea76dbd0374d6fb649a91d70d652b7fe0ccffb8910a77468e7702e7901f3d"
  name = "github.com/go-stack/stack"
  packages = ["."]
  pruneopts = "UT"
  revision = "2fee6af1a9795aafbe0253a0cfbdf668e1fb8a9a"
  version = "v1.8.0"

[[projects]]
  branch = "master"
  digest = "1:6d43a04cfb73e2030a6287cc26a0e0e7cb626d0d668ab5a9435436acac57be4d"
  name = "github.com/grokify/gotilla"
  packages = ["time/timeutil"]
  pruneopts = "UT"
  revision = "26277e022fbfeec3fbdfd76fdbcf794229283f45"

[[projects]]
  branch = "master"
  digest = "1:73f8f3d39f0f3100420067b1ea4d98533ac96526faef38e3646ebf43aa4ff246"
  name = "github.com/jasonlvhit/gocron"
  packages = ["."]
  pruneopts = "UT"
  revision = "54194c9749d48b073c9aeb2c787b6882e95dd0cd"

[[projects]]
  branch = "master"
  digest = "1:df63a8ddf6fd32f2cdf09db1ada151c8a27f5fe2516ee977b72d6a0707e94910"
  name = "github.com/oxtoacart/bpool"
  packages = ["."]
  pruneopts = "UT"
  revision = "4e1c5567d7c2dd59fa4c7c83d34c2f3528b025d6"

[[projects]]
  branch = "master"
  digest = "1:68a4638398cf8c864a6aa50c8853ebe7935f939aa3acf7e44cb35b67852e9fef"
  name = "golang.org/x/sys"
  packages = ["windows"]
  pruneopts = "UT"
  revision = "e4b3c5e9061176387e7cea65e4dc5853801f3fb7"

[[projects]]
  digest = "1:8eae63fdad880f0a261f473523e0f66b9be0361360d9d42c7b499227070ff5af"
  name = "golang.org/x/text"
  packages = [
    "encoding",
    "encoding/charmap",
    "encoding/internal",
    "encoding/internal/identifier",
    "encoding/japanese",
    "encoding/simplifiedchinese",
    "encoding/traditionalchinese",
    "internal/gen",
    "transform",
    "unicode/cldr",
  ]
  pruneopts = "UT"
  revision = "f21a4dfb5e38f5895301dc265a8def02365cc3d0"
  version = "v0.3.0"

[[projects]]
  branch = "v2"
  digest = "1:988de7520a09024d5d94cd99bd545afbf194893994ec759b1cda0a0bbb6adb80"
  name = "gopkg.in/mgo.v2"
  packages = [
    ".",
    "bson",
    "internal/json",
    "internal/sasl",
    "internal/scram",
  ]
  pruneopts = "UT"
  revision = "9856a29383ce1c59f308dd1cf0363a79b5bef6b5"

[solve-meta]
  analyzer-name = "dep"
  analyzer-version = 1
  input-imports = [
    "github.com/emersion/go-imap",
    "github.com/emersion/go-imap/client",
    "github.com/emersion/go-message/mail",
    "github.com/getlantern/systray",
    "github.com/grokify/gotilla/time/timeutil",
    "github.com/jasonlvhit/gocron",
    "gopkg.in/mgo.v2",
    "gopkg.in/mgo.v2/bson",
  ]
  solver-name = "gps-cdcl"
  solver-version = 1
